
Microsoft Visual Studio Solution File, Format Version 12.00
# Visual Studio Version 17
VisualStudioVersion = 17.0.31903.59
MinimumVisualStudioVersion = 10.0.40219.1
Project("{FAE04EC0-301F-11D3-BF4B-00C04F79EFBC}") = "MyMovie.Domain", "MyMovie.Domain\MyMovie.Domain.csproj", "{715BD889-F54E-460A-A3B8-57DB9FE04113}"
EndProject
Project("{FAE04EC0-301F-11D3-BF4B-00C04F79EFBC}") = "MyMovie.Application", "MyMovie.Application\MyMovie.Application.csproj", "{ED3680BD-425A-4157-9491-ADC4793C4FB8}"
EndProject
Project("{FAE04EC0-301F-11D3-BF4B-00C04F79EFBC}") = "MyMovie.Infrastructure", "MyMovie.Infrastructure\MyMovie.Infrastructure.csproj", "{CE0500E6-D8F2-4763-BB9B-8B5FAB8882A0}"
EndProject
Project("{FAE04EC0-301F-11D3-BF4B-00C04F79EFBC}") = "MyMovie.Api", "MyMovie.Api\MyMovie.Api.csproj", "{E7F8D708-5744-49C3-A969-CB4D2F302875}"
EndProject
Global
	GlobalSection(SolutionConfigurationPlatforms) = preSolution
		Debug|Any CPU = Debug|Any CPU
		Release|Any CPU = Release|Any CPU
	EndGlobalSection
	GlobalSection(SolutionProperties) = preSolution
		HideSolutionNode = FALSE
	EndGlobalSection
	GlobalSection(ProjectConfigurationPlatforms) = postSolution
		{715BD889-F54E-460A-A3B8-57DB9FE04113}.Debug|Any CPU.ActiveCfg = Debug|Any CPU
		{715BD889-F54E-460A-A3B8-57DB9FE04113}.Debug|Any CPU.Build.0 = Debug|Any CPU
		{715BD889-F54E-460A-A3B8-57DB9FE04113}.Release|Any CPU.ActiveCfg = Release|Any CPU
		{715BD889-F54E-460A-A3B8-57DB9FE04113}.Release|Any CPU.Build.0 = Release|Any CPU
		{ED3680BD-425A-4157-9491-ADC4793C4FB8}.Debug|Any CPU.ActiveCfg = Debug|Any CPU
		{ED3680BD-425A-4157-9491-ADC4793C4FB8}.Debug|Any CPU.Build.0 = Debug|Any CPU
		{ED3680BD-425A-4157-9491-ADC4793C4FB8}.Release|Any CPU.ActiveCfg = Release|Any CPU
		{ED3680BD-425A-4157-9491-ADC4793C4FB8}.Release|Any CPU.Build.0 = Release|Any CPU
		{CE0500E6-D8F2-4763-BB9B-8B5FAB8882A0}.Debug|Any CPU.ActiveCfg = Debug|Any CPU
		{CE0500E6-D8F2-4763-BB9B-8B5FAB8882A0}.Debug|Any CPU.Build.0 = Debug|Any CPU
		{CE0500E6-D8F2-4763-BB9B-8B5FAB8882A0}.Release|Any CPU.ActiveCfg = Release|Any CPU
		{CE0500E6-D8F2-4763-BB9B-8B5FAB8882A0}.Release|Any CPU.Build.0 = Release|Any CPU
		{E7F8D708-5744-49C3-A969-CB4D2F302875}.Debug|Any CPU.ActiveCfg = Debug|Any CPU
		{E7F8D708-5744-49C3-A969-CB4D2F302875}.Debug|Any CPU.Build.0 = Debug|Any CPU
		{E7F8D708-5744-49C3-A969-CB4D2F302875}.Release|Any CPU.ActiveCfg = Release|Any CPU
		{E7F8D708-5744-49C3-A969-CB4D2F302875}.Release|Any CPU.Build.0 = Release|Any CPU
	EndGlobalSection
EndGlobal
